{
  "originHash" : "007b3fd5b59c6412b0cef893364300e3345dbb1d2292a513cd955c456c255b94",
  "pins" : [
    {
      "identity" : "swift-syntax",
      "kind" : "remoteSourceControl",
      "location" : "https://github.com/swiftlang/swift-syntax.git",
      "state" : {
        "revision" : "0687f71944021d616d34d922343dcef086855920",
        "version" : "600.0.1"
      }
    },
    {
      "identity" : "swift-testing",
      "kind" : "remoteSourceControl",
      "location" : "https://github.com/apple/swift-testing.git",
      "state" : {
        "revision" : "399f76dcd91e4c688ca2301fa24a8cc6d9927211",
        "version" : "0.99.0"
      }
    },
    {
      "identity" : "unrar.swift",
      "kind" : "remoteSourceControl",
      "location" : "https://github.com/mtgto/Unrar.swift.git",
      "state" : {
        "revision" : "b27f008ea520539c780024d090686c9cd3ae3bbc",
        "version" : "0.5.1"
      }
    },
    {
      "identity" : "zipfoundation",
      "kind" : "remoteSourceControl",
      "location" : "https://github.com/weichsel/ZIPFoundation.git",
      "state" : {
        "revision" : "22787ffb59de99e5dc1fbfe80b19c97a904ad48d",
        "version" : "0.9.20"
      }
    }
  ],
  "version" : 3
}
